// !$*UTF8*$!
{
	archiveVersion = 1;
	classes = {
	};
	objectVersion = 46;
	objects = {

/* Begin PBXBuildFile section */
		E22FEEA31F70F9C1000922C4 /* FontAwesome4.ttf in Resources */ = {isa = PBXBuildFile; fileRef = E22FEE9F1F70F9C1000922C4 /* FontAwesome4.ttf */; };
		E22FEEC31F71091C000922C4 /* cryptoCurrencies.json in Resources */ = {isa = PBXBuildFile; fileRef = E22FEEC01F71091C000922C4 /* cryptoCurrencies.json */; };
		E22FEEC41F71091C000922C4 /* fiatCurrencies.json in Resources */ = {isa = PBXBuildFile; fileRef = E22FEEC11F71091C000922C4 /* fiatCurrencies.json */; };
		E22FEEC51F71091C000922C4 /* refreshIntervals.json in Resources */ = {isa = PBXBuildFile; fileRef = E22FEEC21F71091C000922C4 /* refreshIntervals.json */; };
		E22FEED31F7109E2000922C4 /* Localizable.strings in Resources */ = {isa = PBXBuildFile; fileRef = E22FEED01F7109E2000922C4 /* Localizable.strings */; };
		E25AB2AC1F7BC7E200CA1FF2 /* neodiusUIComponents.m in Sources */ = {isa = PBXBuildFile; fileRef = E25AB2AB1F7BC5BA00CA1FF2 /* neodiusUIComponents.m */; };
		E2AD85A11F6FED9A00D03087 /* Acknowledgements.plist in Resources */ = {isa = PBXBuildFile; fileRef = E2AD85A01F6FED9A00D03087 /* Acknowledgements.plist */; };
		E2B3AE0D1F7A58CD00713798 /* marketViewCustomTableViewCell.m in Sources */ = {isa = PBXBuildFile; fileRef = E2B3ADEC1F7A58AA00713798 /* marketViewCustomTableViewCell.m */; };
		E2B3AE0E1F7A58CD00713798 /* NEOButton.m in Sources */ = {isa = PBXBuildFile; fileRef = E2B3ADEF1F7A58AA00713798 /* NEOButton.m */; };
		E2B3AE0F1F7A58CD00713798 /* neodiusDataSource.m in Sources */ = {isa = PBXBuildFile; fileRef = E2B3ADF21F7A58AA00713798 /* neodiusDataSource.m */; };
		E2B3AE101F7A58CD00713798 /* marketInfoTableViewController.m in Sources */ = {isa = PBXBuildFile; fileRef = E2B3ADFC1F7A58AA00713798 /* marketInfoTableViewController.m */; };
		E2B3AE111F7A58CD00713798 /* menuTableViewController.m in Sources */ = {isa = PBXBuildFile; fileRef = E2B3ADFF1F7A58AA00713798 /* menuTableViewController.m */; };
		E2B3AE121F7A58CD00713798 /* selectionSettingsTableViewController.m in Sources */ = {isa = PBXBuildFile; fileRef = E2B3AE031F7A58AA00713798 /* selectionSettingsTableViewController.m */; };
		E2B3AE131F7A58CD00713798 /* settingsTableViewController.m in Sources */ = {isa = PBXBuildFile; fileRef = E2B3AE061F7A58AA00713798 /* settingsTableViewController.m */; };
		E2B3AE141F7A58CD00713798 /* walletManagementTableViewController.m in Sources */ = {isa = PBXBuildFile; fileRef = E2B3AE091F7A58AA00713798 /* walletManagementTableViewController.m */; };
		E2B3AE151F7A58CD00713798 /* walletViewTableViewController.m in Sources */ = {isa = PBXBuildFile; fileRef = E2B3AE0C1F7A58AA00713798 /* walletViewTableViewController.m */; };
		E2B3AE161F7A58D600713798 /* AppDelegate.m in Sources */ = {isa = PBXBuildFile; fileRef = E2B3ADF81F7A58AA00713798 /* AppDelegate.m */; };
		E2B3AE171F7A590500713798 /* Assets.xcassets in Resources */ = {isa = PBXBuildFile; fileRef = E2B3ADF41F7A58AA00713798 /* Assets.xcassets */; };
		E2B3AE181F7A5BFB00713798 /* LaunchScreen.storyboard in Resources */ = {isa = PBXBuildFile; fileRef = E2B3ADF51F7A58AA00713798 /* LaunchScreen.storyboard */; };
		E2C20A941F6DCED700C2F8AB /* main.m in Sources */ = {isa = PBXBuildFile; fileRef = E2C20A7D1F6DCED700C2F8AB /* main.m */; };
		E2C20A9A1F6DDF5C00C2F8AB /* LocalAuthentication.framework in Frameworks */ = {isa = PBXBuildFile; fileRef = E2C20A991F6DDF5C00C2F8AB /* LocalAuthentication.framework */; };
		ED30859781AE9E136D7C7CB8 /* libPods-Neodius.a in Frameworks */ = {isa = PBXBuildFile; fileRef = 7E8A89C7184B03B999346CB0 /* libPods-Neodius.a */; };
/* End PBXBuildFile section */

/* Begin PBXFileReference section */
		3A106154801C575D9B4B9A94 /* Pods-neodius.debug.xcconfig */ = {isa = PBXFileReference; includeInIndex = 1; lastKnownFileType = text.xcconfig; name = "Pods-neodius.debug.xcconfig"; path = "Pods/Target Support Files/Pods-neodius/Pods-neodius.debug.xcconfig"; sourceTree = "<group>"; };
		502D902AA73201C39B38338B /* Pods-Neodius.debug.xcconfig */ = {isa = PBXFileReference; includeInIndex = 1; lastKnownFileType = text.xcconfig; name = "Pods-Neodius.debug.xcconfig"; path = "Pods/Target Support Files/Pods-Neodius/Pods-Neodius.debug.xcconfig"; sourceTree = "<group>"; };
		7E8A89C7184B03B999346CB0 /* libPods-Neodius.a */ = {isa = PBXFileReference; explicitFileType = archive.ar; includeInIndex = 0; path = "libPods-Neodius.a"; sourceTree = BUILT_PRODUCTS_DIR; };
		8382A969674BAE6B3F96E96F /* Pods-Neodius.release.xcconfig */ = {isa = PBXFileReference; includeInIndex = 1; lastKnownFileType = text.xcconfig; name = "Pods-Neodius.release.xcconfig"; path = "Pods/Target Support Files/Pods-Neodius/Pods-Neodius.release.xcconfig"; sourceTree = "<group>"; };
		ABF317706F0129D456A7E0AB /* Pods-neodius.release.xcconfig */ = {isa = PBXFileReference; includeInIndex = 1; lastKnownFileType = text.xcconfig; name = "Pods-neodius.release.xcconfig"; path = "Pods/Target Support Files/Pods-neodius/Pods-neodius.release.xcconfig"; sourceTree = "<group>"; };
		E22FEE9F1F70F9C1000922C4 /* FontAwesome4.ttf */ = {isa = PBXFileReference; lastKnownFileType = file; path = FontAwesome4.ttf; sourceTree = "<group>"; };
		E22FEEC01F71091C000922C4 /* cryptoCurrencies.json */ = {isa = PBXFileReference; fileEncoding = 4; lastKnownFileType = text.json; path = cryptoCurrencies.json; sourceTree = "<group>"; };
		E22FEEC11F71091C000922C4 /* fiatCurrencies.json */ = {isa = PBXFileReference; fileEncoding = 4; lastKnownFileType = text.json; path = fiatCurrencies.json; sourceTree = "<group>"; };
		E22FEEC21F71091C000922C4 /* refreshIntervals.json */ = {isa = PBXFileReference; fileEncoding = 4; lastKnownFileType = text.json; path = refreshIntervals.json; sourceTree = "<group>"; };
		E22FEED11F7109E2000922C4 /* Base */ = {isa = PBXFileReference; lastKnownFileType = text.plist.strings; name = Base; path = Base.lproj/Localizable.strings; sourceTree = "<group>"; };
		E22FEED21F7109E2000922C4 /* nl */ = {isa = PBXFileReference; lastKnownFileType = text.plist.strings; name = nl; path = nl.lproj/Localizable.strings; sourceTree = "<group>"; };
		E25AB2AA1F7BC5BA00CA1FF2 /* neodiusUIComponents.h */ = {isa = PBXFileReference; lastKnownFileType = sourcecode.c.h; path = neodiusUIComponents.h; sourceTree = "<group>"; };
		E25AB2AB1F7BC5BA00CA1FF2 /* neodiusUIComponents.m */ = {isa = PBXFileReference; lastKnownFileType = sourcecode.c.objc; path = neodiusUIComponents.m; sourceTree = "<group>"; };
		E2AD85A01F6FED9A00D03087 /* Acknowledgements.plist */ = {isa = PBXFileReference; fileEncoding = 4; lastKnownFileType = text.plist.xml; name = Acknowledgements.plist; path = neodius/Acknowledgements.plist; sourceTree = SOURCE_ROOT; };
		E2B3ADEB1F7A58AA00713798 /* marketViewCustomTableViewCell.h */ = {isa = PBXFileReference; lastKnownFileType = sourcecode.c.h; path = marketViewCustomTableViewCell.h; sourceTree = "<group>"; };
		E2B3ADEC1F7A58AA00713798 /* marketViewCustomTableViewCell.m */ = {isa = PBXFileReference; lastKnownFileType = sourcecode.c.objc; path = marketViewCustomTableViewCell.m; sourceTree = "<group>"; };
		E2B3ADEE1F7A58AA00713798 /* NEOButton.h */ = {isa = PBXFileReference; lastKnownFileType = sourcecode.c.h; path = NEOButton.h; sourceTree = "<group>"; };
		E2B3ADEF1F7A58AA00713798 /* NEOButton.m */ = {isa = PBXFileReference; lastKnownFileType = sourcecode.c.objc; path = NEOButton.m; sourceTree = "<group>"; };
		E2B3ADF11F7A58AA00713798 /* neodiusDataSource.h */ = {isa = PBXFileReference; lastKnownFileType = sourcecode.c.h; path = neodiusDataSource.h; sourceTree = "<group>"; };
		E2B3ADF21F7A58AA00713798 /* neodiusDataSource.m */ = {isa = PBXFileReference; lastKnownFileType = sourcecode.c.objc; path = neodiusDataSource.m; sourceTree = "<group>"; };
		E2B3ADF41F7A58AA00713798 /* Assets.xcassets */ = {isa = PBXFileReference; lastKnownFileType = folder.assetcatalog; path = Assets.xcassets; sourceTree = "<group>"; };
		E2B3ADF51F7A58AA00713798 /* LaunchScreen.storyboard */ = {isa = PBXFileReference; lastKnownFileType = file.storyboard; path = LaunchScreen.storyboard; sourceTree = "<group>"; };
		E2B3ADF71F7A58AA00713798 /* AppDelegate.h */ = {isa = PBXFileReference; lastKnownFileType = sourcecode.c.h; path = AppDelegate.h; sourceTree = "<group>"; };
		E2B3ADF81F7A58AA00713798 /* AppDelegate.m */ = {isa = PBXFileReference; lastKnownFileType = sourcecode.c.objc; path = AppDelegate.m; sourceTree = "<group>"; };
		E2B3ADFB1F7A58AA00713798 /* marketInfoTableViewController.h */ = {isa = PBXFileReference; lastKnownFileType = sourcecode.c.h; path = marketInfoTableViewController.h; sourceTree = "<group>"; };
		E2B3ADFC1F7A58AA00713798 /* marketInfoTableViewController.m */ = {isa = PBXFileReference; lastKnownFileType = sourcecode.c.objc; path = marketInfoTableViewController.m; sourceTree = "<group>"; };
		E2B3ADFE1F7A58AA00713798 /* menuTableViewController.h */ = {isa = PBXFileReference; lastKnownFileType = sourcecode.c.h; path = menuTableViewController.h; sourceTree = "<group>"; };
		E2B3ADFF1F7A58AA00713798 /* menuTableViewController.m */ = {isa = PBXFileReference; lastKnownFileType = sourcecode.c.objc; path = menuTableViewController.m; sourceTree = "<group>"; };
		E2B3AE021F7A58AA00713798 /* selectionSettingsTableViewController.h */ = {isa = PBXFileReference; lastKnownFileType = sourcecode.c.h; path = selectionSettingsTableViewController.h; sourceTree = "<group>"; };
		E2B3AE031F7A58AA00713798 /* selectionSettingsTableViewController.m */ = {isa = PBXFileReference; lastKnownFileType = sourcecode.c.objc; path = selectionSettingsTableViewController.m; sourceTree = "<group>"; };
		E2B3AE051F7A58AA00713798 /* settingsTableViewController.h */ = {isa = PBXFileReference; lastKnownFileType = sourcecode.c.h; path = settingsTableViewController.h; sourceTree = "<group>"; };
		E2B3AE061F7A58AA00713798 /* settingsTableViewController.m */ = {isa = PBXFileReference; lastKnownFileType = sourcecode.c.objc; path = settingsTableViewController.m; sourceTree = "<group>"; };
		E2B3AE081F7A58AA00713798 /* walletManagementTableViewController.h */ = {isa = PBXFileReference; lastKnownFileType = sourcecode.c.h; path = walletManagementTableViewController.h; sourceTree = "<group>"; };
		E2B3AE091F7A58AA00713798 /* walletManagementTableViewController.m */ = {isa = PBXFileReference; lastKnownFileType = sourcecode.c.objc; path = walletManagementTableViewController.m; sourceTree = "<group>"; };
		E2B3AE0B1F7A58AA00713798 /* walletViewTableViewController.h */ = {isa = PBXFileReference; lastKnownFileType = sourcecode.c.h; path = walletViewTableViewController.h; sourceTree = "<group>"; };
		E2B3AE0C1F7A58AA00713798 /* walletViewTableViewController.m */ = {isa = PBXFileReference; lastKnownFileType = sourcecode.c.objc; path = walletViewTableViewController.m; sourceTree = "<group>"; };
		E2C20A031F6D094500C2F8AB /* Neodius.app */ = {isa = PBXFileReference; explicitFileType = wrapper.application; includeInIndex = 0; path = Neodius.app; sourceTree = BUILT_PRODUCTS_DIR; };
		E2C20A381F6DBE7700C2F8AB /* Info.plist */ = {isa = PBXFileReference; fileEncoding = 4; lastKnownFileType = text.plist.xml; path = Info.plist; sourceTree = "<group>"; };
		E2C20A7D1F6DCED700C2F8AB /* main.m */ = {isa = PBXFileReference; fileEncoding = 4; lastKnownFileType = sourcecode.c.objc; path = main.m; sourceTree = "<group>"; };
		E2C20A991F6DDF5C00C2F8AB /* LocalAuthentication.framework */ = {isa = PBXFileReference; lastKnownFileType = wrapper.framework; name = LocalAuthentication.framework; path = System/Library/Frameworks/LocalAuthentication.framework; sourceTree = SDKROOT; };
		F4DCA91E818B7B19BC8331F1 /* libPods-neodius.a */ = {isa = PBXFileReference; explicitFileType = archive.ar; includeInIndex = 0; path = "libPods-neodius.a"; sourceTree = BUILT_PRODUCTS_DIR; };
/* End PBXFileReference section */

/* Begin PBXFrameworksBuildPhase section */
		E2C20A001F6D094500C2F8AB /* Frameworks */ = {
			isa = PBXFrameworksBuildPhase;
			buildActionMask = 2147483647;
			files = (
				E2C20A9A1F6DDF5C00C2F8AB /* LocalAuthentication.framework in Frameworks */,
				ED30859781AE9E136D7C7CB8 /* libPods-Neodius.a in Frameworks */,
			);
			runOnlyForDeploymentPostprocessing = 0;
		};
/* End PBXFrameworksBuildPhase section */

/* Begin PBXGroup section */
		3B91D7B29CB1271B87CD3CD0 /* Pods */ = {
			isa = PBXGroup;
			children = (
				3A106154801C575D9B4B9A94 /* Pods-neodius.debug.xcconfig */,
				ABF317706F0129D456A7E0AB /* Pods-neodius.release.xcconfig */,
				502D902AA73201C39B38338B /* Pods-Neodius.debug.xcconfig */,
				8382A969674BAE6B3F96E96F /* Pods-Neodius.release.xcconfig */,
			);
			name = Pods;
			sourceTree = "<group>";
		};
		6F6EB809A923715D558B6766 /* Frameworks */ = {
			isa = PBXGroup;
			children = (
				E2C20A991F6DDF5C00C2F8AB /* LocalAuthentication.framework */,
				F4DCA91E818B7B19BC8331F1 /* libPods-neodius.a */,
				7E8A89C7184B03B999346CB0 /* libPods-Neodius.a */,
			);
			name = Frameworks;
			sourceTree = "<group>";
		};
		E22FEE9E1F70F9C1000922C4 /* Fonts */ = {
			isa = PBXGroup;
			children = (
				E22FEE9F1F70F9C1000922C4 /* FontAwesome4.ttf */,
			);
			path = Fonts;
			sourceTree = "<group>";
		};
		E22FEEBF1F71091C000922C4 /* SettingCache */ = {
			isa = PBXGroup;
			children = (
				E22FEEC01F71091C000922C4 /* cryptoCurrencies.json */,
				E22FEEC11F71091C000922C4 /* fiatCurrencies.json */,
				E22FEEC21F71091C000922C4 /* refreshIntervals.json */,
			);
			path = SettingCache;
			sourceTree = "<group>";
		};
		E22FEECF1F7109E2000922C4 /* LocalizedData */ = {
			isa = PBXGroup;
			children = (
				E22FEED01F7109E2000922C4 /* Localizable.strings */,
			);
			name = LocalizedData;
			path = "neodius/Supporting Files/LocalizedData";
			sourceTree = SOURCE_ROOT;
		};
		E25AB2A91F7BC5BA00CA1FF2 /* NeodiusUIComponents */ = {
			isa = PBXGroup;
			children = (
				E25AB2AA1F7BC5BA00CA1FF2 /* neodiusUIComponents.h */,
				E25AB2AB1F7BC5BA00CA1FF2 /* neodiusUIComponents.m */,
			);
			name = NeodiusUIComponents;
			path = Neodius/Dependencies/NeodiusUIComponents;
			sourceTree = SOURCE_ROOT;
		};
		E2B3ADE91F7A58AA00713798 /* Dependencies */ = {
			isa = PBXGroup;
			children = (
				E2B3ADEA1F7A58AA00713798 /* marketViewCustomTableViewCell */,
				E2B3ADED1F7A58AA00713798 /* NEOButton */,
				E25AB2A91F7BC5BA00CA1FF2 /* NeodiusUIComponents */,
				E2B3ADF01F7A58AA00713798 /* NeodiusDataSource */,
			);
			name = Dependencies;
			path = Neodius/Dependencies;
			sourceTree = SOURCE_ROOT;
		};
		E2B3ADEA1F7A58AA00713798 /* marketViewCustomTableViewCell */ = {
			isa = PBXGroup;
			children = (
				E2B3ADEB1F7A58AA00713798 /* marketViewCustomTableViewCell.h */,
				E2B3ADEC1F7A58AA00713798 /* marketViewCustomTableViewCell.m */,
			);
			path = marketViewCustomTableViewCell;
			sourceTree = "<group>";
		};
		E2B3ADED1F7A58AA00713798 /* NEOButton */ = {
			isa = PBXGroup;
			children = (
				E2B3ADEE1F7A58AA00713798 /* NEOButton.h */,
				E2B3ADEF1F7A58AA00713798 /* NEOButton.m */,
			);
			path = NEOButton;
			sourceTree = "<group>";
		};
		E2B3ADF01F7A58AA00713798 /* NeodiusDataSource */ = {
			isa = PBXGroup;
			children = (
				E2B3ADF11F7A58AA00713798 /* neodiusDataSource.h */,
				E2B3ADF21F7A58AA00713798 /* neodiusDataSource.m */,
			);
			path = NeodiusDataSource;
			sourceTree = "<group>";
		};
		E2B3ADF31F7A58AA00713798 /* Assets */ = {
			isa = PBXGroup;
			children = (
				E2B3ADF41F7A58AA00713798 /* Assets.xcassets */,
				E2B3ADF51F7A58AA00713798 /* LaunchScreen.storyboard */,
			);
			name = Assets;
			path = Neodius/Assets;
			sourceTree = SOURCE_ROOT;
		};
		E2B3ADF61F7A58AA00713798 /* AppDelegate */ = {
			isa = PBXGroup;
			children = (
				E2B3ADF71F7A58AA00713798 /* AppDelegate.h */,
				E2B3ADF81F7A58AA00713798 /* AppDelegate.m */,
			);
			name = AppDelegate;
			path = Neodius/AppDelegate;
			sourceTree = SOURCE_ROOT;
		};
		E2B3ADF91F7A58AA00713798 /* ViewControllers */ = {
			isa = PBXGroup;
			children = (
				E2B3ADFA1F7A58AA00713798 /* MarketInfoTableViewController */,
				E2B3ADFD1F7A58AA00713798 /* MenuTableViewController */,
				E2B3AE001F7A58AA00713798 /* Settings */,
				E2B3AE0A1F7A58AA00713798 /* WalletViewTableViewController */,
			);
			name = ViewControllers;
			path = Neodius/ViewControllers;
			sourceTree = SOURCE_ROOT;
		};
		E2B3ADFA1F7A58AA00713798 /* MarketInfoTableViewController */ = {
			isa = PBXGroup;
			children = (
				E2B3ADFB1F7A58AA00713798 /* marketInfoTableViewController.h */,
				E2B3ADFC1F7A58AA00713798 /* marketInfoTableViewController.m */,
			);
			path = MarketInfoTableViewController;
			sourceTree = "<group>";
		};
		E2B3ADFD1F7A58AA00713798 /* MenuTableViewController */ = {
			isa = PBXGroup;
			children = (
				E2B3ADFE1F7A58AA00713798 /* menuTableViewController.h */,
				E2B3ADFF1F7A58AA00713798 /* menuTableViewController.m */,
			);
			path = MenuTableViewController;
			sourceTree = "<group>";
		};
		E2B3AE001F7A58AA00713798 /* Settings */ = {
			isa = PBXGroup;
			children = (
				E2B3AE011F7A58AA00713798 /* SelectionSettingsTableViewController */,
				E2B3AE041F7A58AA00713798 /* SettingsViewController */,
				E2B3AE071F7A58AA00713798 /* WalletManagementTableViewController */,
			);
			path = Settings;
			sourceTree = "<group>";
		};
		E2B3AE011F7A58AA00713798 /* SelectionSettingsTableViewController */ = {
			isa = PBXGroup;
			children = (
				E2B3AE021F7A58AA00713798 /* selectionSettingsTableViewController.h */,
				E2B3AE031F7A58AA00713798 /* selectionSettingsTableViewController.m */,
			);
			path = SelectionSettingsTableViewController;
			sourceTree = "<group>";
		};
		E2B3AE041F7A58AA00713798 /* SettingsViewController */ = {
			isa = PBXGroup;
			children = (
				E2B3AE051F7A58AA00713798 /* settingsTableViewController.h */,
				E2B3AE061F7A58AA00713798 /* settingsTableViewController.m */,
			);
			path = SettingsViewController;
			sourceTree = "<group>";
		};
		E2B3AE071F7A58AA00713798 /* WalletManagementTableViewController */ = {
			isa = PBXGroup;
			children = (
				E2B3AE081F7A58AA00713798 /* walletManagementTableViewController.h */,
				E2B3AE091F7A58AA00713798 /* walletManagementTableViewController.m */,
			);
			path = WalletManagementTableViewController;
			sourceTree = "<group>";
		};
		E2B3AE0A1F7A58AA00713798 /* WalletViewTableViewController */ = {
			isa = PBXGroup;
			children = (
				E2B3AE0B1F7A58AA00713798 /* walletViewTableViewController.h */,
				E2B3AE0C1F7A58AA00713798 /* walletViewTableViewController.m */,
			);
			path = WalletViewTableViewController;
			sourceTree = "<group>";
		};
		E2C209FA1F6D094500C2F8AB = {
			isa = PBXGroup;
			children = (
				E2C20A051F6D094500C2F8AB /* Neodius */,
				E2C20A041F6D094500C2F8AB /* Products */,
				3B91D7B29CB1271B87CD3CD0 /* Pods */,
				6F6EB809A923715D558B6766 /* Frameworks */,
			);
			sourceTree = "<group>";
		};
		E2C20A041F6D094500C2F8AB /* Products */ = {
			isa = PBXGroup;
			children = (
				E2C20A031F6D094500C2F8AB /* Neodius.app */,
			);
			name = Products;
			sourceTree = "<group>";
		};
		E2C20A051F6D094500C2F8AB /* Neodius */ = {
			isa = PBXGroup;
			children = (
				E2B3ADF61F7A58AA00713798 /* AppDelegate */,
				E2B3ADF31F7A58AA00713798 /* Assets */,
				E2B3ADE91F7A58AA00713798 /* Dependencies */,
				E2B3ADF91F7A58AA00713798 /* ViewControllers */,
				E2C20A781F6DCED700C2F8AB /* Supporting Files */,
				E2C20A381F6DBE7700C2F8AB /* Info.plist */,
				E2AD85A01F6FED9A00D03087 /* Acknowledgements.plist */,
			);
			name = Neodius;
			path = neodius;
			sourceTree = "<group>";
		};
		E2C20A781F6DCED700C2F8AB /* Supporting Files */ = {
			isa = PBXGroup;
			children = (
				E22FEECF1F7109E2000922C4 /* LocalizedData */,
				E22FEEBF1F71091C000922C4 /* SettingCache */,
				E22FEE9E1F70F9C1000922C4 /* Fonts */,
				E2C20A7D1F6DCED700C2F8AB /* main.m */,
			);
			path = "Supporting Files";
			sourceTree = "<group>";
		};
/* End PBXGroup section */

/* Begin PBXNativeTarget section */
		E2C20A021F6D094500C2F8AB /* Neodius */ = {
			isa = PBXNativeTarget;
			buildConfigurationList = E2C20A1A1F6D094500C2F8AB /* Build configuration list for PBXNativeTarget "Neodius" */;
			buildPhases = (
				60C3D301C87A70FA40C27209 /* [CP] Check Pods Manifest.lock */,
				EA32CC3EB19668BB6DF410FC /* [CP] Embed Pods Frameworks */,
				E2C209FF1F6D094500C2F8AB /* Sources */,
				E2C20A001F6D094500C2F8AB /* Frameworks */,
				E2C20A011F6D094500C2F8AB /* Resources */,
				4073854F16777E260D2300D7 /* [CP] Copy Pods Resources */,
				E22FEE7F1F70054F000922C4 /* ShellScript */,
				E23B89401F769ECF0022E3FE /* ShellScript */,
			);
			buildRules = (
			);
			dependencies = (
			);
			name = Neodius;
			productName = neodius;
			productReference = E2C20A031F6D094500C2F8AB /* Neodius.app */;
			productType = "com.apple.product-type.application";
		};
/* End PBXNativeTarget section */

/* Begin PBXProject section */
		E2C209FB1F6D094500C2F8AB /* Project object */ = {
			isa = PBXProject;
			attributes = {
				LastUpgradeCheck = 0900;
				ORGANIZATIONNAME = "ITS-VIsion";
				TargetAttributes = {
					E2C20A021F6D094500C2F8AB = {
						CreatedOnToolsVersion = 8.3.3;
						DevelopmentTeam = J99FXNJHF9;
						ProvisioningStyle = Automatic;
					};
				};
			};
			buildConfigurationList = E2C209FE1F6D094500C2F8AB /* Build configuration list for PBXProject "Neodius" */;
			compatibilityVersion = "Xcode 3.2";
			developmentRegion = English;
			hasScannedForEncodings = 0;
			knownRegions = (
				en,
				Base,
				nl,
			);
			mainGroup = E2C209FA1F6D094500C2F8AB;
			productRefGroup = E2C20A041F6D094500C2F8AB /* Products */;
			projectDirPath = "";
			projectRoot = "";
			targets = (
				E2C20A021F6D094500C2F8AB /* Neodius */,
			);
		};
/* End PBXProject section */

/* Begin PBXResourcesBuildPhase section */
		E2C20A011F6D094500C2F8AB /* Resources */ = {
			isa = PBXResourcesBuildPhase;
			buildActionMask = 2147483647;
			files = (
				E2B3AE181F7A5BFB00713798 /* LaunchScreen.storyboard in Resources */,
				E2B3AE171F7A590500713798 /* Assets.xcassets in Resources */,
				E22FEEC31F71091C000922C4 /* cryptoCurrencies.json in Resources */,
				E22FEEC41F71091C000922C4 /* fiatCurrencies.json in Resources */,
				E22FEEA31F70F9C1000922C4 /* FontAwesome4.ttf in Resources */,
				E22FEED31F7109E2000922C4 /* Localizable.strings in Resources */,
				E22FEEC51F71091C000922C4 /* refreshIntervals.json in Resources */,
				E2AD85A11F6FED9A00D03087 /* Acknowledgements.plist in Resources */,
			);
			runOnlyForDeploymentPostprocessing = 0;
		};
/* End PBXResourcesBuildPhase section */

/* Begin PBXShellScriptBuildPhase section */
		4073854F16777E260D2300D7 /* [CP] Copy Pods Resources */ = {
			isa = PBXShellScriptBuildPhase;
			buildActionMask = 2147483647;
			files = (
			);
			inputPaths = (
			);
			name = "[CP] Copy Pods Resources";
			outputPaths = (
			);
			runOnlyForDeploymentPostprocessing = 0;
			shellPath = /bin/sh;
			shellScript = "\"${SRCROOT}/Pods/Target Support Files/Pods-Neodius/Pods-Neodius-resources.sh\"\n";
			showEnvVarsInLog = 0;
		};
		60C3D301C87A70FA40C27209 /* [CP] Check Pods Manifest.lock */ = {
			isa = PBXShellScriptBuildPhase;
			buildActionMask = 2147483647;
			files = (
			);
			inputPaths = (
			);
			name = "[CP] Check Pods Manifest.lock";
			outputPaths = (
			);
			runOnlyForDeploymentPostprocessing = 0;
			shellPath = /bin/sh;
			shellScript = "diff \"${PODS_ROOT}/../Podfile.lock\" \"${PODS_ROOT}/Manifest.lock\" > /dev/null\nif [ $? != 0 ] ; then\n    # print error to STDERR\n    echo \"error: The sandbox is not in sync with the Podfile.lock. Run 'pod install' or update your CocoaPods installation.\" >&2\n    exit 1\nfi\n";
			showEnvVarsInLog = 0;
		};
		E22FEE7F1F70054F000922C4 /* ShellScript */ = {
			isa = PBXShellScriptBuildPhase;
			buildActionMask = 2147483647;
			files = (
			);
			inputPaths = (
			);
			outputPaths = (
			);
			runOnlyForDeploymentPostprocessing = 0;
			shellPath = /bin/sh;
			shellScript = "buildNumber=$(/usr/libexec/PlistBuddy -c \"Print CFBundleVersion\" \"${PROJECT_DIR}/${INFOPLIST_FILE}\")\nbuildNumber=$(($buildNumber + 1))\n/usr/libexec/PlistBuddy -c \"Set :CFBundleVersion $buildNumber\" \"${PROJECT_DIR}/${INFOPLIST_FILE}\"";
		};
		E23B89401F769ECF0022E3FE /* ShellScript */ = {
			isa = PBXShellScriptBuildPhase;
			buildActionMask = 2147483647;
			files = (
			);
			inputPaths = (
			);
			outputPaths = (
			);
			runOnlyForDeploymentPostprocessing = 0;
			shellPath = /bin/sh;
			shellScript = "if which bartycrouch > /dev/null; then\n    # Incrementally update all Storyboards/XIBs strings files\n    bartycrouch interfaces -p \"$PROJECT_DIR\"\n\n    # Add new keys to Localizable.strings files from NSLocalizedString in code\n    bartycrouch code -p \"$PROJECT_DIR\" -l \"$PROJECT_DIR\" -a -s\nelse\n    echo \"warning: BartyCrouch not installed, download it from https://github.com/Flinesoft/BartyCrouch\"\nfi";
		};
		EA32CC3EB19668BB6DF410FC /* [CP] Embed Pods Frameworks */ = {
			isa = PBXShellScriptBuildPhase;
			buildActionMask = 2147483647;
			files = (
			);
			inputPaths = (
			);
			name = "[CP] Embed Pods Frameworks";
			outputPaths = (
			);
			runOnlyForDeploymentPostprocessing = 0;
			shellPath = /bin/sh;
			shellScript = "\"${SRCROOT}/Pods/Target Support Files/Pods-Neodius/Pods-Neodius-frameworks.sh\"\n";
			showEnvVarsInLog = 0;
		};
/* End PBXShellScriptBuildPhase section */

/* Begin PBXSourcesBuildPhase section */
		E2C209FF1F6D094500C2F8AB /* Sources */ = {
			isa = PBXSourcesBuildPhase;
			buildActionMask = 2147483647;
			files = (
				E25AB2AC1F7BC7E200CA1FF2 /* neodiusUIComponents.m in Sources */,
				E2B3AE161F7A58D600713798 /* AppDelegate.m in Sources */,
				E2B3AE0D1F7A58CD00713798 /* marketViewCustomTableViewCell.m in Sources */,
				E2B3AE0E1F7A58CD00713798 /* NEOButton.m in Sources */,
				E2B3AE0F1F7A58CD00713798 /* neodiusDataSource.m in Sources */,
				E2B3AE101F7A58CD00713798 /* marketInfoTableViewController.m in Sources */,
				E2B3AE111F7A58CD00713798 /* menuTableViewController.m in Sources */,
				E2B3AE121F7A58CD00713798 /* selectionSettingsTableViewController.m in Sources */,
				E2B3AE131F7A58CD00713798 /* settingsTableViewController.m in Sources */,
				E2B3AE141F7A58CD00713798 /* walletManagementTableViewController.m in Sources */,
				E2B3AE151F7A58CD00713798 /* walletViewTableViewController.m in Sources */,
				E2C20A941F6DCED700C2F8AB /* main.m in Sources */,
			);
			runOnlyForDeploymentPostprocessing = 0;
		};
/* End PBXSourcesBuildPhase section */

/* Begin PBXVariantGroup section */
		E22FEED01F7109E2000922C4 /* Localizable.strings */ = {
			isa = PBXVariantGroup;
			children = (
				E22FEED11F7109E2000922C4 /* Base */,
				E22FEED21F7109E2000922C4 /* nl */,
			);
			name = Localizable.strings;
			sourceTree = "<group>";
		};
/* End PBXVariantGroup section */

/* Begin XCBuildConfiguration section */
		E2C20A181F6D094500C2F8AB /* Debug */ = {
			isa = XCBuildConfiguration;
			buildSettings = {
				ALWAYS_SEARCH_USER_PATHS = NO;
				CLANG_ANALYZER_LOCALIZABILITY_NONLOCALIZED = YES;
				CLANG_ANALYZER_NONNULL = YES;
				CLANG_ANALYZER_NUMBER_OBJECT_CONVERSION = YES_AGGRESSIVE;
				CLANG_CXX_LANGUAGE_STANDARD = "gnu++0x";
				CLANG_CXX_LIBRARY = "libc++";
				CLANG_ENABLE_MODULES = YES;
				CLANG_ENABLE_OBJC_ARC = YES;
				CLANG_WARN_BLOCK_CAPTURE_AUTORELEASING = YES;
				CLANG_WARN_BOOL_CONVERSION = YES;
				CLANG_WARN_COMMA = YES;
				CLANG_WARN_CONSTANT_CONVERSION = YES;
				CLANG_WARN_DIRECT_OBJC_ISA_USAGE = YES_ERROR;
				CLANG_WARN_DOCUMENTATION_COMMENTS = YES;
				CLANG_WARN_EMPTY_BODY = YES;
				CLANG_WARN_ENUM_CONVERSION = YES;
				CLANG_WARN_INFINITE_RECURSION = YES;
				CLANG_WARN_INT_CONVERSION = YES;
				CLANG_WARN_NON_LITERAL_NULL_CONVERSION = YES;
				CLANG_WARN_OBJC_LITERAL_CONVERSION = YES;
				CLANG_WARN_OBJC_ROOT_CLASS = YES_ERROR;
				CLANG_WARN_RANGE_LOOP_ANALYSIS = YES;
				CLANG_WARN_STRICT_PROTOTYPES = YES;
				CLANG_WARN_SUSPICIOUS_MOVE = YES;
				CLANG_WARN_UNREACHABLE_CODE = YES;
				CLANG_WARN__DUPLICATE_METHOD_MATCH = YES;
				"CODE_SIGN_IDENTITY[sdk=iphoneos*]" = "iPhone Developer";
				COPY_PHASE_STRIP = NO;
				DEBUG_INFORMATION_FORMAT = dwarf;
				ENABLE_STRICT_OBJC_MSGSEND = YES;
				ENABLE_TESTABILITY = YES;
				GCC_C_LANGUAGE_STANDARD = gnu99;
				GCC_DYNAMIC_NO_PIC = NO;
				GCC_NO_COMMON_BLOCKS = YES;
				GCC_OPTIMIZATION_LEVEL = 0;
				GCC_PREPROCESSOR_DEFINITIONS = (
					"DEBUG=1",
					"$(inherited)",
				);
				GCC_WARN_64_TO_32_BIT_CONVERSION = YES;
				GCC_WARN_ABOUT_RETURN_TYPE = YES_ERROR;
				GCC_WARN_UNDECLARED_SELECTOR = YES;
				GCC_WARN_UNINITIALIZED_AUTOS = YES_AGGRESSIVE;
				GCC_WARN_UNUSED_FUNCTION = YES;
				GCC_WARN_UNUSED_VARIABLE = YES;
				IPHONEOS_DEPLOYMENT_TARGET = 8.0;
				MTL_ENABLE_DEBUG_INFO = YES;
				ONLY_ACTIVE_ARCH = YES;
				SDKROOT = iphoneos;
				TARGETED_DEVICE_FAMILY = "1,2";
			};
			name = Debug;
		};
		E2C20A191F6D094500C2F8AB /* Release */ = {
			isa = XCBuildConfiguration;
			buildSettings = {
				ALWAYS_SEARCH_USER_PATHS = NO;
				CLANG_ANALYZER_LOCALIZABILITY_NONLOCALIZED = YES;
				CLANG_ANALYZER_NONNULL = YES;
				CLANG_ANALYZER_NUMBER_OBJECT_CONVERSION = YES_AGGRESSIVE;
				CLANG_CXX_LANGUAGE_STANDARD = "gnu++0x";
				CLANG_CXX_LIBRARY = "libc++";
				CLANG_ENABLE_MODULES = YES;
				CLANG_ENABLE_OBJC_ARC = YES;
				CLANG_WARN_BLOCK_CAPTURE_AUTORELEASING = YES;
				CLANG_WARN_BOOL_CONVERSION = YES;
				CLANG_WARN_COMMA = YES;
				CLANG_WARN_CONSTANT_CONVERSION = YES;
				CLANG_WARN_DIRECT_OBJC_ISA_USAGE = YES_ERROR;
				CLANG_WARN_DOCUMENTATION_COMMENTS = YES;
				CLANG_WARN_EMPTY_BODY = YES;
				CLANG_WARN_ENUM_CONVERSION = YES;
				CLANG_WARN_INFINITE_RECURSION = YES;
				CLANG_WARN_INT_CONVERSION = YES;
				CLANG_WARN_NON_LITERAL_NULL_CONVERSION = YES;
				CLANG_WARN_OBJC_LITERAL_CONVERSION = YES;
				CLANG_WARN_OBJC_ROOT_CLASS = YES_ERROR;
				CLANG_WARN_RANGE_LOOP_ANALYSIS = YES;
				CLANG_WARN_STRICT_PROTOTYPES = YES;
				CLANG_WARN_SUSPICIOUS_MOVE = YES;
				CLANG_WARN_UNREACHABLE_CODE = YES;
				CLANG_WARN__DUPLICATE_METHOD_MATCH = YES;
				"CODE_SIGN_IDENTITY[sdk=iphoneos*]" = "iPhone Developer";
				COPY_PHASE_STRIP = NO;
				DEBUG_INFORMATION_FORMAT = "dwarf-with-dsym";
				ENABLE_NS_ASSERTIONS = NO;
				ENABLE_STRICT_OBJC_MSGSEND = YES;
				GCC_C_LANGUAGE_STANDARD = gnu99;
				GCC_NO_COMMON_BLOCKS = YES;
				GCC_WARN_64_TO_32_BIT_CONVERSION = YES;
				GCC_WARN_ABOUT_RETURN_TYPE = YES_ERROR;
				GCC_WARN_UNDECLARED_SELECTOR = YES;
				GCC_WARN_UNINITIALIZED_AUTOS = YES_AGGRESSIVE;
				GCC_WARN_UNUSED_FUNCTION = YES;
				GCC_WARN_UNUSED_VARIABLE = YES;
				IPHONEOS_DEPLOYMENT_TARGET = 8.0;
				MTL_ENABLE_DEBUG_INFO = NO;
				SDKROOT = iphoneos;
				TARGETED_DEVICE_FAMILY = "1,2";
				VALIDATE_PRODUCT = YES;
			};
			name = Release;
		};
		E2C20A1B1F6D094500C2F8AB /* Debug */ = {
			isa = XCBuildConfiguration;
			baseConfigurationReference = 502D902AA73201C39B38338B /* Pods-Neodius.debug.xcconfig */;
			buildSettings = {
				ASSETCATALOG_COMPILER_APPICON_NAME = AppIcon;
				DEVELOPMENT_TEAM = J99FXNJHF9;
				INFOPLIST_FILE = Neodius/Info.plist;
				IPHONEOS_DEPLOYMENT_TARGET = 8.0;
				LD_RUNPATH_SEARCH_PATHS = "$(inherited) @executable_path/Frameworks";
				PRODUCT_BUNDLE_IDENTIFIER = nl.itsvision.neodius;
				PRODUCT_NAME = "$(TARGET_NAME)";
			};
			name = Debug;
		};
		E2C20A1C1F6D094500C2F8AB /* Release */ = {
			isa = XCBuildConfiguration;
			baseConfigurationReference = 8382A969674BAE6B3F96E96F /* Pods-Neodius.release.xcconfig */;
			buildSettings = {
				ASSETCATALOG_COMPILER_APPICON_NAME = AppIcon;
				DEVELOPMENT_TEAM = J99FXNJHF9;
				INFOPLIST_FILE = Neodius/Info.plist;
				IPHONEOS_DEPLOYMENT_TARGET = 8.0;
				LD_RUNPATH_SEARCH_PATHS = "$(inherited) @executable_path/Frameworks";
				PRODUCT_BUNDLE_IDENTIFIER = nl.itsvision.neodius;
				PRODUCT_NAME = "$(TARGET_NAME)";
			};
			name = Release;
		};
/* End XCBuildConfiguration section */

/* Begin XCConfigurationList section */
		E2C209FE1F6D094500C2F8AB /* Build configuration list for PBXProject "Neodius" */ = {
			isa = XCConfigurationList;
			buildConfigurations = (
				E2C20A181F6D094500C2F8AB /* Debug */,
				E2C20A191F6D094500C2F8AB /* Release */,
			);
			defaultConfigurationIsVisible = 0;
			defaultConfigurationName = Release;
		};
		E2C20A1A1F6D094500C2F8AB /* Build configuration list for PBXNativeTarget "Neodius" */ = {
			isa = XCConfigurationList;
			buildConfigurations = (
				E2C20A1B1F6D094500C2F8AB /* Debug */,
				E2C20A1C1F6D094500C2F8AB /* Release */,
			);
			defaultConfigurationIsVisible = 0;
			defaultConfigurationName = Release;
		};
/* End XCConfigurationList section */
	};
	rootObject = E2C209FB1F6D094500C2F8AB /* Project object */;
}
