{
    "_readme": [
        "This file locks the dependencies of your project to a known state",
        "Read more about it at https://getcomposer.org/doc/01-basic-usage.md#composer-lock-the-lock-file",
        "This file is @generated automatically"
    ],
    "hash": "8f769af2b57efa2c92fc4e379eb561b8",
    "content-hash": "a53d2d7f65db2d671bc085c9cd11e1ba",
    "packages": [
        {
            "name": "kevinlebrun/colors.php",
            "version": "1.0.2",
            "source": {
                "type": "git",
                "url": "https://github.com/kevinlebrun/colors.php.git",
                "reference": "6d7140aeedef46c97c2324f09b752c599ef17dac"
            },
            "dist": {
                "type": "zip",
                "url": "https://api.github.com/repos/kevinlebrun/colors.php/zipball/6d7140aeedef46c97c2324f09b752c599ef17dac",
                "reference": "6d7140aeedef46c97c2324f09b752c599ef17dac",
                "shasum": ""
            },
            "require": {
                "php": ">=5.3.0"
            },
            "require-dev": {
                "phpunit/phpunit": "3.7.*",
                "satooshi/php-coveralls": "1.0.*",
                "squizlabs/php_codesniffer": "1.*"
            },
            "type": "library",
            "autoload": {
                "psr-0": {
                    "Colors": "src/"
                }
            },
            "notification-url": "https://packagist.org/downloads/",
            "license": [
                "MIT"
            ],
            "authors": [
                {
                    "name": "Kevin Le Brun",
                    "email": "lebrun.k@gmail.com",
                    "homepage": "http://kevinlebrun.fr",
                    "role": "developer"
                }
            ],
            "description": "Colors for PHP CLI scripts",
            "homepage": "https://github.com/kevinlebrun/colors.php",
            "keywords": [
                "cli",
                "color",
                "colors",
                "console",
                "shell"
            ],
            "time": "2016-04-12 20:58:34"
        },
        {
            "name": "lijinma/php-cli-color",
            "version": "1.0.0",
            "source": {
                "type": "git",
                "url": "https://github.com/lijinma/php-cli-color.git",
                "reference": "5ee4f7414882b26a4a657428e9a15872bde99b38"
            },
            "dist": {
                "type": "zip",
                "url": "https://api.github.com/repos/lijinma/php-cli-color/zipball/5ee4f7414882b26a4a657428e9a15872bde99b38",
                "reference": "5ee4f7414882b26a4a657428e9a15872bde99b38",
                "shasum": ""
            },
            "require": {
                "php": ">=5.3.0"
            },
            "type": "library",
            "autoload": {
                "psr-4": {
                    "Lijinma\\": "src"
                }
            },
            "notification-url": "https://packagist.org/downloads/",
            "license": [
                "MIT"
            ],
            "authors": [
                {
                    "name": "Jinma li",
                    "email": "lijinma@126.com",
                    "homepage": "http://www.lijinma.com"
                }
            ],
            "description": "Make colorful CLI output easy",
            "homepage": "https://github.com/lijinma/php-cli-color",
            "time": "2014-12-23 07:14:16"
        },
        {
            "name": "wp-cli/php-cli-tools",
            "version": "v0.11.7",
            "source": {
                "type": "git",
                "url": "https://github.com/wp-cli/php-cli-tools.git",
                "reference": "14b8a086b60cba2dc1e4203805efcec513643e9e"
            },
            "dist": {
                "type": "zip",
                "url": "https://api.github.com/repos/wp-cli/php-cli-tools/zipball/14b8a086b60cba2dc1e4203805efcec513643e9e",
                "reference": "14b8a086b60cba2dc1e4203805efcec513643e9e",
                "shasum": ""
            },
            "require": {
                "php": ">= 5.3.0"
            },
            "type": "library",
            "autoload": {
                "psr-0": {
                    "cli": "lib/"
                },
                "files": [
                    "lib/cli/cli.php"
                ]
            },
            "notification-url": "https://packagist.org/downloads/",
            "license": [
                "MIT"
            ],
            "authors": [
                {
                    "name": "James Logsdon",
                    "email": "jlogsdon@php.net",
                    "role": "Developer"
                },
                {
                    "name": "Daniel Bachhuber",
                    "email": "daniel@handbuilt.co",
                    "role": "Maintainer"
                }
            ],
            "description": "Console utilities for PHP",
            "homepage": "http://github.com/wp-cli/php-cli-tools",
            "keywords": [
                "cli",
                "console"
            ],
            "time": "2017-10-02 20:04:30"
        }
    ],
    "packages-dev": [],
    "aliases": [],
    "minimum-stability": "stable",
    "stability-flags": [],
    "prefer-stable": false,
    "prefer-lowest": false,
    "platform": [],
    "platform-dev": []
}
